
Microsoft Visual Studio Solution File, Format Version 12.00
# Visual Studio Version 16
VisualStudioVersion = 16.0.31205.134
MinimumVisualStudioVersion = 10.0.40219.1
Project("{FAE04EC0-301F-11D3-BF4B-00C04F79EFBC}") = "Inve_Time", "Inve_Time\Inve_Time.csproj", "{6574A028-3D94-4037-8911-15EFA12C8A80}"
EndProject
Project("{FAE04EC0-301F-11D3-BF4B-00C04F79EFBC}") = "Inve_Time.Interfaces.dll", "Inve_Time.Interfaces.dll\Inve_Time.Interfaces.dll.csproj", "{FFE1B848-27D8-4B0B-B50D-5E5EEE768215}"
EndProject
Project("{FAE04EC0-301F-11D3-BF4B-00C04F79EFBC}") = "Inve_Time.DataBase.dll", "Inve_Time.DataBase.dll\Inve_Time.DataBase.dll.csproj", "{8C8044EF-3456-47A1-9401-F66D0AC735F2}"
EndProject
Global
	GlobalSection(SolutionConfigurationPlatforms) = preSolution
		Debug|Any CPU = Debug|Any CPU
		Release|Any CPU = Release|Any CPU
	EndGlobalSection
	GlobalSection(ProjectConfigurationPlatforms) = postSolution
		{6574A028-3D94-4037-8911-15EFA12C8A80}.Debug|Any CPU.ActiveCfg = Debug|Any CPU
		{6574A028-3D94-4037-8911-15EFA12C8A80}.Debug|Any CPU.Build.0 = Debug|Any CPU
		{6574A028-3D94-4037-8911-15EFA12C8A80}.Release|Any CPU.ActiveCfg = Release|Any CPU
		{6574A028-3D94-4037-8911-15EFA12C8A80}.Release|Any CPU.Build.0 = Release|Any CPU
		{FFE1B848-27D8-4B0B-B50D-5E5EEE768215}.Debug|Any CPU.ActiveCfg = Debug|Any CPU
		{FFE1B848-27D8-4B0B-B50D-5E5EEE768215}.Debug|Any CPU.Build.0 = Debug|Any CPU
		{FFE1B848-27D8-4B0B-B50D-5E5EEE768215}.Release|Any CPU.ActiveCfg = Release|Any CPU
		{FFE1B848-27D8-4B0B-B50D-5E5EEE768215}.Release|Any CPU.Build.0 = Release|Any CPU
		{8C8044EF-3456-47A1-9401-F66D0AC735F2}.Debug|Any CPU.ActiveCfg = Debug|Any CPU
		{8C8044EF-3456-47A1-9401-F66D0AC735F2}.Debug|Any CPU.Build.0 = Debug|Any CPU
		{8C8044EF-3456-47A1-9401-F66D0AC735F2}.Release|Any CPU.ActiveCfg = Release|Any CPU
		{8C8044EF-3456-47A1-9401-F66D0AC735F2}.Release|Any CPU.Build.0 = Release|Any CPU
	EndGlobalSection
	GlobalSection(SolutionProperties) = preSolution
		HideSolutionNode = FALSE
	EndGlobalSection
	GlobalSection(ExtensibilityGlobals) = postSolution
		SolutionGuid = {837821BD-A2B2-4A7D-82FA-E156CEEB05D8}
	EndGlobalSection
EndGlobal
